{
  "lockfileVersion": 1,
  "configVersion": 1,
  "workspaces": {
    "": {
      "name": "sync-eval",
      "dependencies": {
        "tinybase": "^9.1.0",
      },
    },
  },
  "packages": {
    "tinybase": ["tinybase@9.1.0", "", { "peerDependencies": { "@automerge/automerge-repo": "^2.5.6", "@cloudflare/workers-types": "^5.20260708.1", "@electric-sql/pglite": "^0.5.4", "@libsql/client": "^0.17.4", "@powersync/common": "^1.57.1", "@sinclair/typebox": "^0.34.49", "@sqlite.org/sqlite-wasm": "^3.53.0-build1", "@vlcn.io/crsqlite-wasm": "^0.16.0", "arktype": "^2.2.3", "bun": "^1.3.14", "effect": "^3.21.4", "electric-sql": "^0.12.1", "expo": "^57.0.4", "expo-sqlite": "^57.0.0", "partykit": "^0.0.115", "partysocket": "^1.3.0", "postgres": "^3.4.9", "react": "^19.2.7", "react-dom": "^19.2.7", "react-native-mmkv": "4.3.2", "react-native-sqlite-storage": "^6.0.1", "solid-js": "^1.9.14", "sqlite3": "^5.1.7", "svelte": "^5.56.4", "valibot": "^1.4.2", "ws": "^8.21.0", "yjs": "^13.6.31", "zod": "^4.4.3" }, "optionalPeers": ["@automerge/automerge-repo", "@cloudflare/workers-types", "@electric-sql/pglite", "@libsql/client", "@powersync/common", "@sinclair/typebox", "@sqlite.org/sqlite-wasm", "@vlcn.io/crsqlite-wasm", "arktype", "bun", "effect", "electric-sql", "expo", "expo-sqlite", "partykit", "partysocket", "postgres", "react", "react-dom", "react-native-mmkv", "react-native-sqlite-storage", "solid-js", "sqlite3", "svelte", "valibot", "ws", "yjs", "zod"] }, "sha512-OPhE+eYDN24EvP1LlvROoHVsEMhp+k0l28f5VsZYRYU3q3YoBl7jqCS+Is9T8fzOFtrj/ptBl+aopG22N4PKiA=="],
  }
}
